{
  "name": "lor-deck-checker",
  "version": "1.0.0",
  "lockfileVersion": 1,
  "requires": true,
  "dependencies": {
    "runeterra": {
      "version": "git+ssh://git@github.com/williamhk2/runeterra.git#10c028bbddb39d21c2f83ed75ab3e9f2f3d44575",
      "from": "git+ssh://git@github.com/williamhk2/runeterra.git"
    }
  }
}
